// !$*UTF8*$!
{
	archiveVersion = 1;
	classes = {
	};
	objectVersion = 50;
	objects = {

/* Begin PBXBuildFile section */
		01D52E4D9957EFB8BF50FB7A /* Pods_TextureExampleProject.framework in Frameworks */ = {isa = PBXBuildFile; fileRef = 505D24B7A7DB7538510205F0 /* Pods_TextureExampleProject.framework */; };
		F071F0C42267E79F00C59064 /* AppDelegate.swift in Sources */ = {isa = PBXBuildFile; fileRef = F071F0C32267E79F00C59064 /* AppDelegate.swift */; };
		F071F0C62267E79F00C59064 /* ViewController.swift in Sources */ = {isa = PBXBuildFile; fileRef = F071F0C52267E79F00C59064 /* ViewController.swift */; };
		F071F0C92267E79F00C59064 /* Main.storyboard in Resources */ = {isa = PBXBuildFile; fileRef = F071F0C72267E79F00C59064 /* Main.storyboard */; };
		F071F0CB2267E7A100C59064 /* Assets.xcassets in Resources */ = {isa = PBXBuildFile; fileRef = F071F0CA2267E7A100C59064 /* Assets.xcassets */; };
		F071F0CE2267E7A100C59064 /* LaunchScreen.storyboard in Resources */ = {isa = PBXBuildFile; fileRef = F071F0CC2267E7A100C59064 /* LaunchScreen.storyboard */; };
		F071F0F22267F1D100C59064 /* RestaurantModel.swift in Sources */ = {isa = PBXBuildFile; fileRef = F071F0F12267F1D100C59064 /* RestaurantModel.swift */; };
		F071F0F42267F1F900C59064 /* ASRestaurantNode.swift in Sources */ = {isa = PBXBuildFile; fileRef = F071F0F32267F1F900C59064 /* ASRestaurantNode.swift */; };
		F071F0F62267F22400C59064 /* SwTextNodeAttributedTextBuilder.swift in Sources */ = {isa = PBXBuildFile; fileRef = F071F0F52267F22400C59064 /* SwTextNodeAttributedTextBuilder.swift */; };
/* End PBXBuildFile section */

/* Begin PBXFileReference section */
		0DDADE33B89EA27A1316ADCF /* Pods_TextureExampleProjectUITests.framework */ = {isa = PBXFileReference; explicitFileType = wrapper.framework; includeInIndex = 0; path = Pods_TextureExampleProjectUITests.framework; sourceTree = BUILT_PRODUCTS_DIR; };
		505D24B7A7DB7538510205F0 /* Pods_TextureExampleProject.framework */ = {isa = PBXFileReference; explicitFileType = wrapper.framework; includeInIndex = 0; path = Pods_TextureExampleProject.framework; sourceTree = BUILT_PRODUCTS_DIR; };
		5758F759DB66A3B4BBC05172 /* Pods-TextureExampleProjectUITests.release.xcconfig */ = {isa = PBXFileReference; includeInIndex = 1; lastKnownFileType = text.xcconfig; name = "Pods-TextureExampleProjectUITests.release.xcconfig"; path = "Pods/Target Support Files/Pods-TextureExampleProjectUITests/Pods-TextureExampleProjectUITests.release.xcconfig"; sourceTree = "<group>"; };
		615986C95BC173639794607D /* Pods-TextureExampleProject.release.xcconfig */ = {isa = PBXFileReference; includeInIndex = 1; lastKnownFileType = text.xcconfig; name = "Pods-TextureExampleProject.release.xcconfig"; path = "Pods/Target Support Files/Pods-TextureExampleProject/Pods-TextureExampleProject.release.xcconfig"; sourceTree = "<group>"; };
		6FB8DFBD126457AEBA100A72 /* Pods_TextureExampleProjectTests.framework */ = {isa = PBXFileReference; explicitFileType = wrapper.framework; includeInIndex = 0; path = Pods_TextureExampleProjectTests.framework; sourceTree = BUILT_PRODUCTS_DIR; };
		8D4AA315B353D5C0F7F8D705 /* Pods-TextureExampleProjectTests.release.xcconfig */ = {isa = PBXFileReference; includeInIndex = 1; lastKnownFileType = text.xcconfig; name = "Pods-TextureExampleProjectTests.release.xcconfig"; path = "Pods/Target Support Files/Pods-TextureExampleProjectTests/Pods-TextureExampleProjectTests.release.xcconfig"; sourceTree = "<group>"; };
		8F052FD70088B10B1E955D02 /* Pods-TextureExampleProject.debug.xcconfig */ = {isa = PBXFileReference; includeInIndex = 1; lastKnownFileType = text.xcconfig; name = "Pods-TextureExampleProject.debug.xcconfig"; path = "Pods/Target Support Files/Pods-TextureExampleProject/Pods-TextureExampleProject.debug.xcconfig"; sourceTree = "<group>"; };
		B10136374430734B70E577E7 /* Pods-TextureExampleProjectTests.debug.xcconfig */ = {isa = PBXFileReference; includeInIndex = 1; lastKnownFileType = text.xcconfig; name = "Pods-TextureExampleProjectTests.debug.xcconfig"; path = "Pods/Target Support Files/Pods-TextureExampleProjectTests/Pods-TextureExampleProjectTests.debug.xcconfig"; sourceTree = "<group>"; };
		C5A192D0461B88442E3DD691 /* Pods-TextureExampleProjectUITests.debug.xcconfig */ = {isa = PBXFileReference; includeInIndex = 1; lastKnownFileType = text.xcconfig; name = "Pods-TextureExampleProjectUITests.debug.xcconfig"; path = "Pods/Target Support Files/Pods-TextureExampleProjectUITests/Pods-TextureExampleProjectUITests.debug.xcconfig"; sourceTree = "<group>"; };
		F071F0C02267E79F00C59064 /* TextureExampleProject.app */ = {isa = PBXFileReference; explicitFileType = wrapper.application; includeInIndex = 0; path = TextureExampleProject.app; sourceTree = BUILT_PRODUCTS_DIR; };
		F071F0C32267E79F00C59064 /* AppDelegate.swift */ = {isa = PBXFileReference; lastKnownFileType = sourcecode.swift; path = AppDelegate.swift; sourceTree = "<group>"; };
		F071F0C52267E79F00C59064 /* ViewController.swift */ = {isa = PBXFileReference; lastKnownFileType = sourcecode.swift; path = ViewController.swift; sourceTree = "<group>"; };
		F071F0C82267E79F00C59064 /* Base */ = {isa = PBXFileReference; lastKnownFileType = file.storyboard; name = Base; path = Base.lproj/Main.storyboard; sourceTree = "<group>"; };
		F071F0CA2267E7A100C59064 /* Assets.xcassets */ = {isa = PBXFileReference; lastKnownFileType = folder.assetcatalog; path = Assets.xcassets; sourceTree = "<group>"; };
		F071F0CD2267E7A100C59064 /* Base */ = {isa = PBXFileReference; lastKnownFileType = file.storyboard; name = Base; path = Base.lproj/LaunchScreen.storyboard; sourceTree = "<group>"; };
		F071F0CF2267E7A100C59064 /* Info.plist */ = {isa = PBXFileReference; lastKnownFileType = text.plist.xml; path = Info.plist; sourceTree = "<group>"; };
		F071F0F12267F1D100C59064 /* RestaurantModel.swift */ = {isa = PBXFileReference; lastKnownFileType = sourcecode.swift; path = RestaurantModel.swift; sourceTree = "<group>"; };
		F071F0F32267F1F900C59064 /* ASRestaurantNode.swift */ = {isa = PBXFileReference; lastKnownFileType = sourcecode.swift; path = ASRestaurantNode.swift; sourceTree = "<group>"; };
		F071F0F52267F22400C59064 /* SwTextNodeAttributedTextBuilder.swift */ = {isa = PBXFileReference; lastKnownFileType = sourcecode.swift; path = SwTextNodeAttributedTextBuilder.swift; sourceTree = "<group>"; };
/* End PBXFileReference section */

/* Begin PBXFrameworksBuildPhase section */
		F071F0BD2267E79F00C59064 /* Frameworks */ = {
			isa = PBXFrameworksBuildPhase;
			buildActionMask = 2147483647;
			files = (
				01D52E4D9957EFB8BF50FB7A /* Pods_TextureExampleProject.framework in Frameworks */,
			);
			runOnlyForDeploymentPostprocessing = 0;
		};
/* End PBXFrameworksBuildPhase section */

/* Begin PBXGroup section */
		6273748B9A11C3ADAF39DDFA /* Frameworks */ = {
			isa = PBXGroup;
			children = (
				505D24B7A7DB7538510205F0 /* Pods_TextureExampleProject.framework */,
				6FB8DFBD126457AEBA100A72 /* Pods_TextureExampleProjectTests.framework */,
				0DDADE33B89EA27A1316ADCF /* Pods_TextureExampleProjectUITests.framework */,
			);
			name = Frameworks;
			sourceTree = "<group>";
		};
		B0671FE4878129331BCB471F /* Pods */ = {
			isa = PBXGroup;
			children = (
				8F052FD70088B10B1E955D02 /* Pods-TextureExampleProject.debug.xcconfig */,
				615986C95BC173639794607D /* Pods-TextureExampleProject.release.xcconfig */,
				B10136374430734B70E577E7 /* Pods-TextureExampleProjectTests.debug.xcconfig */,
				8D4AA315B353D5C0F7F8D705 /* Pods-TextureExampleProjectTests.release.xcconfig */,
				C5A192D0461B88442E3DD691 /* Pods-TextureExampleProjectUITests.debug.xcconfig */,
				5758F759DB66A3B4BBC05172 /* Pods-TextureExampleProjectUITests.release.xcconfig */,
			);
			name = Pods;
			sourceTree = "<group>";
		};
		F071F0B72267E79F00C59064 = {
			isa = PBXGroup;
			children = (
				F071F0C22267E79F00C59064 /* TextureExampleProject */,
				F071F0C12267E79F00C59064 /* Products */,
				B0671FE4878129331BCB471F /* Pods */,
				6273748B9A11C3ADAF39DDFA /* Frameworks */,
			);
			sourceTree = "<group>";
		};
		F071F0C12267E79F00C59064 /* Products */ = {
			isa = PBXGroup;
			children = (
				F071F0C02267E79F00C59064 /* TextureExampleProject.app */,
			);
			name = Products;
			sourceTree = "<group>";
		};
		F071F0C22267E79F00C59064 /* TextureExampleProject */ = {
			isa = PBXGroup;
			children = (
				F071F0C32267E79F00C59064 /* AppDelegate.swift */,
				F071F0C52267E79F00C59064 /* ViewController.swift */,
				F071F0C72267E79F00C59064 /* Main.storyboard */,
				F071F0CA2267E7A100C59064 /* Assets.xcassets */,
				F071F0CC2267E7A100C59064 /* LaunchScreen.storyboard */,
				F071F0CF2267E7A100C59064 /* Info.plist */,
				F071F0F12267F1D100C59064 /* RestaurantModel.swift */,
				F071F0F32267F1F900C59064 /* ASRestaurantNode.swift */,
				F071F0F52267F22400C59064 /* SwTextNodeAttributedTextBuilder.swift */,
			);
			path = TextureExampleProject;
			sourceTree = "<group>";
		};
/* End PBXGroup section */

/* Begin PBXNativeTarget section */
		F071F0BF2267E79F00C59064 /* TextureExampleProject */ = {
			isa = PBXNativeTarget;
			buildConfigurationList = F071F0E82267E7A100C59064 /* Build configuration list for PBXNativeTarget "TextureExampleProject" */;
			buildPhases = (
				50BA342CEB497B3EECD56A10 /* [CP] Check Pods Manifest.lock */,
				F071F0BC2267E79F00C59064 /* Sources */,
				F071F0BD2267E79F00C59064 /* Frameworks */,
				F071F0BE2267E79F00C59064 /* Resources */,
				9488988F6500EB5F77329311 /* [CP] Embed Pods Frameworks */,
			);
			buildRules = (
			);
			dependencies = (
			);
			name = TextureExampleProject;
			productName = TextureExampleProject;
			productReference = F071F0C02267E79F00C59064 /* TextureExampleProject.app */;
			productType = "com.apple.product-type.application";
		};
/* End PBXNativeTarget section */

/* Begin PBXProject section */
		F071F0B82267E79F00C59064 /* Project object */ = {
			isa = PBXProject;
			attributes = {
				LastSwiftUpdateCheck = 1020;
				LastUpgradeCheck = 1020;
				ORGANIZATIONNAME = "kumar reddy";
				TargetAttributes = {
					F071F0BF2267E79F00C59064 = {
						CreatedOnToolsVersion = 10.2;
					};
				};
			};
			buildConfigurationList = F071F0BB2267E79F00C59064 /* Build configuration list for PBXProject "TextureExampleProject" */;
			compatibilityVersion = "Xcode 9.3";
			developmentRegion = en;
			hasScannedForEncodings = 0;
			knownRegions = (
				en,
				Base,
			);
			mainGroup = F071F0B72267E79F00C59064;
			productRefGroup = F071F0C12267E79F00C59064 /* Products */;
			projectDirPath = "";
			projectRoot = "";
			targets = (
				F071F0BF2267E79F00C59064 /* TextureExampleProject */,
			);
		};
/* End PBXProject section */

/* Begin PBXResourcesBuildPhase section */
		F071F0BE2267E79F00C59064 /* Resources */ = {
			isa = PBXResourcesBuildPhase;
			buildActionMask = 2147483647;
			files = (
				F071F0CE2267E7A100C59064 /* LaunchScreen.storyboard in Resources */,
				F071F0CB2267E7A100C59064 /* Assets.xcassets in Resources */,
				F071F0C92267E79F00C59064 /* Main.storyboard in Resources */,
			);
			runOnlyForDeploymentPostprocessing = 0;
		};
/* End PBXResourcesBuildPhase section */

/* Begin PBXShellScriptBuildPhase section */
		50BA342CEB497B3EECD56A10 /* [CP] Check Pods Manifest.lock */ = {
			isa = PBXShellScriptBuildPhase;
			buildActionMask = 2147483647;
			files = (
			);
			inputFileListPaths = (
			);
			inputPaths = (
				"${PODS_PODFILE_DIR_PATH}/Podfile.lock",
				"${PODS_ROOT}/Manifest.lock",
			);
			name = "[CP] Check Pods Manifest.lock";
			outputFileListPaths = (
			);
			outputPaths = (
				"$(DERIVED_FILE_DIR)/Pods-TextureExampleProject-checkManifestLockResult.txt",
			);
			runOnlyForDeploymentPostprocessing = 0;
			shellPath = /bin/sh;
			shellScript = "diff \"${PODS_PODFILE_DIR_PATH}/Podfile.lock\" \"${PODS_ROOT}/Manifest.lock\" > /dev/null\nif [ $? != 0 ] ; then\n    # print error to STDERR\n    echo \"error: The sandbox is not in sync with the Podfile.lock. Run 'pod install' or update your CocoaPods installation.\" >&2\n    exit 1\nfi\n# This output is used by Xcode 'outputs' to avoid re-running this script phase.\necho \"SUCCESS\" > \"${SCRIPT_OUTPUT_FILE_0}\"\n";
			showEnvVarsInLog = 0;
		};
		9488988F6500EB5F77329311 /* [CP] Embed Pods Frameworks */ = {
			isa = PBXShellScriptBuildPhase;
			buildActionMask = 2147483647;
			files = (
			);
			inputFileListPaths = (
			);
			inputPaths = (
				"${SRCROOT}/Pods/Target Support Files/Pods-TextureExampleProject/Pods-TextureExampleProject-frameworks.sh",
				"${BUILT_PRODUCTS_DIR}/PINCache/PINCache.framework",
				"${BUILT_PRODUCTS_DIR}/PINOperation/PINOperation.framework",
				"${BUILT_PRODUCTS_DIR}/PINRemoteImage/PINRemoteImage.framework",
				"${BUILT_PRODUCTS_DIR}/Texture/AsyncDisplayKit.framework",
			);
			name = "[CP] Embed Pods Frameworks";
			outputFileListPaths = (
			);
			outputPaths = (
				"${TARGET_BUILD_DIR}/${FRAMEWORKS_FOLDER_PATH}/PINCache.framework",
				"${TARGET_BUILD_DIR}/${FRAMEWORKS_FOLDER_PATH}/PINOperation.framework",
				"${TARGET_BUILD_DIR}/${FRAMEWORKS_FOLDER_PATH}/PINRemoteImage.framework",
				"${TARGET_BUILD_DIR}/${FRAMEWORKS_FOLDER_PATH}/AsyncDisplayKit.framework",
			);
			runOnlyForDeploymentPostprocessing = 0;
			shellPath = /bin/sh;
			shellScript = "\"${SRCROOT}/Pods/Target Support Files/Pods-TextureExampleProject/Pods-TextureExampleProject-frameworks.sh\"\n";
			showEnvVarsInLog = 0;
		};
/* End PBXShellScriptBuildPhase section */

/* Begin PBXSourcesBuildPhase section */
		F071F0BC2267E79F00C59064 /* Sources */ = {
			isa = PBXSourcesBuildPhase;
			buildActionMask = 2147483647;
			files = (
				F071F0F42267F1F900C59064 /* ASRestaurantNode.swift in Sources */,
				F071F0C62267E79F00C59064 /* ViewController.swift in Sources */,
				F071F0F22267F1D100C59064 /* RestaurantModel.swift in Sources */,
				F071F0C42267E79F00C59064 /* AppDelegate.swift in Sources */,
				F071F0F62267F22400C59064 /* SwTextNodeAttributedTextBuilder.swift in Sources */,
			);
			runOnlyForDeploymentPostprocessing = 0;
		};
/* End PBXSourcesBuildPhase section */

/* Begin PBXVariantGroup section */
		F071F0C72267E79F00C59064 /* Main.storyboard */ = {
			isa = PBXVariantGroup;
			children = (
				F071F0C82267E79F00C59064 /* Base */,
			);
			name = Main.storyboard;
			sourceTree = "<group>";
		};
		F071F0CC2267E7A100C59064 /* LaunchScreen.storyboard */ = {
			isa = PBXVariantGroup;
			children = (
				F071F0CD2267E7A100C59064 /* Base */,
			);
			name = LaunchScreen.storyboard;
			sourceTree = "<group>";
		};
/* End PBXVariantGroup section */

/* Begin XCBuildConfiguration section */
		F071F0E62267E7A100C59064 /* Debug */ = {
			isa = XCBuildConfiguration;
			buildSettings = {
				ALWAYS_SEARCH_USER_PATHS = NO;
				CLANG_ANALYZER_NONNULL = YES;
				CLANG_ANALYZER_NUMBER_OBJECT_CONVERSION = YES_AGGRESSIVE;
				CLANG_CXX_LANGUAGE_STANDARD = "gnu++14";
				CLANG_CXX_LIBRARY = "libc++";
				CLANG_ENABLE_MODULES = YES;
				CLANG_ENABLE_OBJC_ARC = YES;
				CLANG_ENABLE_OBJC_WEAK = YES;
				CLANG_WARN_BLOCK_CAPTURE_AUTORELEASING = YES;
				CLANG_WARN_BOOL_CONVERSION = YES;
				CLANG_WARN_COMMA = YES;
				CLANG_WARN_CONSTANT_CONVERSION = YES;
				CLANG_WARN_DEPRECATED_OBJC_IMPLEMENTATIONS = YES;
				CLANG_WARN_DIRECT_OBJC_ISA_USAGE = YES_ERROR;
				CLANG_WARN_DOCUMENTATION_COMMENTS = YES;
				CLANG_WARN_EMPTY_BODY = YES;
				CLANG_WARN_ENUM_CONVERSION = YES;
				CLANG_WARN_INFINITE_RECURSION = YES;
				CLANG_WARN_INT_CONVERSION = YES;
				CLANG_WARN_NON_LITERAL_NULL_CONVERSION = YES;
				CLANG_WARN_OBJC_IMPLICIT_RETAIN_SELF = YES;
				CLANG_WARN_OBJC_LITERAL_CONVERSION = YES;
				CLANG_WARN_OBJC_ROOT_CLASS = YES_ERROR;
				CLANG_WARN_RANGE_LOOP_ANALYSIS = YES;
				CLANG_WARN_STRICT_PROTOTYPES = YES;
				CLANG_WARN_SUSPICIOUS_MOVE = YES;
				CLANG_WARN_UNGUARDED_AVAILABILITY = YES_AGGRESSIVE;
				CLANG_WARN_UNREACHABLE_CODE = YES;
				CLANG_WARN__DUPLICATE_METHOD_MATCH = YES;
				CODE_SIGN_IDENTITY = "iPhone Developer";
				COPY_PHASE_STRIP = NO;
				DEBUG_INFORMATION_FORMAT = dwarf;
				ENABLE_STRICT_OBJC_MSGSEND = YES;
				ENABLE_TESTABILITY = YES;
				GCC_C_LANGUAGE_STANDARD = gnu11;
				GCC_DYNAMIC_NO_PIC = NO;
				GCC_NO_COMMON_BLOCKS = YES;
				GCC_OPTIMIZATION_LEVEL = 0;
				GCC_PREPROCESSOR_DEFINITIONS = (
					"DEBUG=1",
					"$(inherited)",
				);
				GCC_WARN_64_TO_32_BIT_CONVERSION = YES;
				GCC_WARN_ABOUT_RETURN_TYPE = YES_ERROR;
				GCC_WARN_UNDECLARED_SELECTOR = YES;
				GCC_WARN_UNINITIALIZED_AUTOS = YES_AGGRESSIVE;
				GCC_WARN_UNUSED_FUNCTION = YES;
				GCC_WARN_UNUSED_VARIABLE = YES;
				IPHONEOS_DEPLOYMENT_TARGET = 12.2;
				MTL_ENABLE_DEBUG_INFO = INCLUDE_SOURCE;
				MTL_FAST_MATH = YES;
				ONLY_ACTIVE_ARCH = YES;
				SDKROOT = iphoneos;
				SWIFT_ACTIVE_COMPILATION_CONDITIONS = DEBUG;
				SWIFT_OPTIMIZATION_LEVEL = "-Onone";
			};
			name = Debug;
		};
		F071F0E72267E7A100C59064 /* Release */ = {
			isa = XCBuildConfiguration;
			buildSettings = {
				ALWAYS_SEARCH_USER_PATHS = NO;
				CLANG_ANALYZER_NONNULL = YES;
				CLANG_ANALYZER_NUMBER_OBJECT_CONVERSION = YES_AGGRESSIVE;
				CLANG_CXX_LANGUAGE_STANDARD = "gnu++14";
				CLANG_CXX_LIBRARY = "libc++";
				CLANG_ENABLE_MODULES = YES;
				CLANG_ENABLE_OBJC_ARC = YES;
				CLANG_ENABLE_OBJC_WEAK = YES;
				CLANG_WARN_BLOCK_CAPTURE_AUTORELEASING = YES;
				CLANG_WARN_BOOL_CONVERSION = YES;
				CLANG_WARN_COMMA = YES;
				CLANG_WARN_CONSTANT_CONVERSION = YES;
				CLANG_WARN_DEPRECATED_OBJC_IMPLEMENTATIONS = YES;
				CLANG_WARN_DIRECT_OBJC_ISA_USAGE = YES_ERROR;
				CLANG_WARN_DOCUMENTATION_COMMENTS = YES;
				CLANG_WARN_EMPTY_BODY = YES;
				CLANG_WARN_ENUM_CONVERSION = YES;
				CLANG_WARN_INFINITE_RECURSION = YES;
				CLANG_WARN_INT_CONVERSION = YES;
				CLANG_WARN_NON_LITERAL_NULL_CONVERSION = YES;
				CLANG_WARN_OBJC_IMPLICIT_RETAIN_SELF = YES;
				CLANG_WARN_OBJC_LITERAL_CONVERSION = YES;
				CLANG_WARN_OBJC_ROOT_CLASS = YES_ERROR;
				CLANG_WARN_RANGE_LOOP_ANALYSIS = YES;
				CLANG_WARN_STRICT_PROTOTYPES = YES;
				CLANG_WARN_SUSPICIOUS_MOVE = YES;
				CLANG_WARN_UNGUARDED_AVAILABILITY = YES_AGGRESSIVE;
				CLANG_WARN_UNREACHABLE_CODE = YES;
				CLANG_WARN__DUPLICATE_METHOD_MATCH = YES;
				CODE_SIGN_IDENTITY = "iPhone Developer";
				COPY_PHASE_STRIP = NO;
				DEBUG_INFORMATION_FORMAT = "dwarf-with-dsym";
				ENABLE_NS_ASSERTIONS = NO;
				ENABLE_STRICT_OBJC_MSGSEND = YES;
				GCC_C_LANGUAGE_STANDARD = gnu11;
				GCC_NO_COMMON_BLOCKS = YES;
				GCC_WARN_64_TO_32_BIT_CONVERSION = YES;
				GCC_WARN_ABOUT_RETURN_TYPE = YES_ERROR;
				GCC_WARN_UNDECLARED_SELECTOR = YES;
				GCC_WARN_UNINITIALIZED_AUTOS = YES_AGGRESSIVE;
				GCC_WARN_UNUSED_FUNCTION = YES;
				GCC_WARN_UNUSED_VARIABLE = YES;
				IPHONEOS_DEPLOYMENT_TARGET = 12.2;
				MTL_ENABLE_DEBUG_INFO = NO;
				MTL_FAST_MATH = YES;
				SDKROOT = iphoneos;
				SWIFT_COMPILATION_MODE = wholemodule;
				SWIFT_OPTIMIZATION_LEVEL = "-O";
				VALIDATE_PRODUCT = YES;
			};
			name = Release;
		};
		F071F0E92267E7A100C59064 /* Debug */ = {
			isa = XCBuildConfiguration;
			baseConfigurationReference = 8F052FD70088B10B1E955D02 /* Pods-TextureExampleProject.debug.xcconfig */;
			buildSettings = {
				ASSETCATALOG_COMPILER_APPICON_NAME = AppIcon;
				CODE_SIGN_STYLE = Automatic;
				DEVELOPMENT_TEAM = C8STGDD3H7;
				INFOPLIST_FILE = TextureExampleProject/Info.plist;
				LD_RUNPATH_SEARCH_PATHS = (
					"$(inherited)",
					"@executable_path/Frameworks",
				);
				PRODUCT_BUNDLE_IDENTIFIER = com.texture.example.TextureExampleProject;
				PRODUCT_NAME = "$(TARGET_NAME)";
				SWIFT_VERSION = 5.0;
				TARGETED_DEVICE_FAMILY = "1,2";
			};
			name = Debug;
		};
		F071F0EA2267E7A100C59064 /* Release */ = {
			isa = XCBuildConfiguration;
			baseConfigurationReference = 615986C95BC173639794607D /* Pods-TextureExampleProject.release.xcconfig */;
			buildSettings = {
				ASSETCATALOG_COMPILER_APPICON_NAME = AppIcon;
				CODE_SIGN_STYLE = Automatic;
				DEVELOPMENT_TEAM = C8STGDD3H7;
				INFOPLIST_FILE = TextureExampleProject/Info.plist;
				LD_RUNPATH_SEARCH_PATHS = (
					"$(inherited)",
					"@executable_path/Frameworks",
				);
				PRODUCT_BUNDLE_IDENTIFIER = com.texture.example.TextureExampleProject;
				PRODUCT_NAME = "$(TARGET_NAME)";
				SWIFT_VERSION = 5.0;
				TARGETED_DEVICE_FAMILY = "1,2";
			};
			name = Release;
		};
/* End XCBuildConfiguration section */

/* Begin XCConfigurationList section */
		F071F0BB2267E79F00C59064 /* Build configuration list for PBXProject "TextureExampleProject" */ = {
			isa = XCConfigurationList;
			buildConfigurations = (
				F071F0E62267E7A100C59064 /* Debug */,
				F071F0E72267E7A100C59064 /* Release */,
			);
			defaultConfigurationIsVisible = 0;
			defaultConfigurationName = Release;
		};
		F071F0E82267E7A100C59064 /* Build configuration list for PBXNativeTarget "TextureExampleProject" */ = {
			isa = XCConfigurationList;
			buildConfigurations = (
				F071F0E92267E7A100C59064 /* Debug */,
				F071F0EA2267E7A100C59064 /* Release */,
			);
			defaultConfigurationIsVisible = 0;
			defaultConfigurationName = Release;
		};
/* End XCConfigurationList section */
	};
	rootObject = F071F0B82267E79F00C59064 /* Project object */;
}
